// !$*UTF8*$!
{
	archiveVersion = 1;
	classes = {
	};
	objectVersion = 46;
	objects = {

/* Begin PBXBuildFile section */
		01188AD01F68DC5200FC101E /* Test.m in Sources */ = {isa = PBXBuildFile; fileRef = 01188ACF1F68DC5200FC101E /* Test.m */; };
		01188AD31F6920C900FC101E /* SwizzlingTest.m in Sources */ = {isa = PBXBuildFile; fileRef = 01188AD21F6920C900FC101E /* SwizzlingTest.m */; };
		01F021ED1F5D4B0300BDB21E /* main.m in Sources */ = {isa = PBXBuildFile; fileRef = 01F021EC1F5D4B0300BDB21E /* main.m */; };
		01F021F01F5D4B0300BDB21E /* AppDelegate.m in Sources */ = {isa = PBXBuildFile; fileRef = 01F021EF1F5D4B0300BDB21E /* AppDelegate.m */; };
		01F021F81F5D4B0300BDB21E /* Assets.xcassets in Resources */ = {isa = PBXBuildFile; fileRef = 01F021F71F5D4B0300BDB21E /* Assets.xcassets */; };
		01F021FB1F5D4B0300BDB21E /* LaunchScreen.storyboard in Resources */ = {isa = PBXBuildFile; fileRef = 01F021F91F5D4B0300BDB21E /* LaunchScreen.storyboard */; };
		01F022051F5D4F3B00BDB21E /* NSObject+CrashProtector.m in Sources */ = {isa = PBXBuildFile; fileRef = 01F022041F5D4F3B00BDB21E /* NSObject+CrashProtector.m */; };
		01F022081F5D506500BDB21E /* CPManager.m in Sources */ = {isa = PBXBuildFile; fileRef = 01F022071F5D506500BDB21E /* CPManager.m */; };
		01F0220B1F5D56D100BDB21E /* CPConfiguration.m in Sources */ = {isa = PBXBuildFile; fileRef = 01F0220A1F5D56D100BDB21E /* CPConfiguration.m */; };
/* End PBXBuildFile section */

/* Begin PBXFileReference section */
		01188ACE1F68DC5200FC101E /* Test.h */ = {isa = PBXFileReference; fileEncoding = 4; lastKnownFileType = sourcecode.c.h; path = Test.h; sourceTree = "<group>"; };
		01188ACF1F68DC5200FC101E /* Test.m */ = {isa = PBXFileReference; fileEncoding = 4; lastKnownFileType = sourcecode.c.objc; path = Test.m; sourceTree = "<group>"; };
		01188AD11F6920C900FC101E /* SwizzlingTest.h */ = {isa = PBXFileReference; fileEncoding = 4; lastKnownFileType = sourcecode.c.h; path = SwizzlingTest.h; sourceTree = "<group>"; };
		01188AD21F6920C900FC101E /* SwizzlingTest.m */ = {isa = PBXFileReference; fileEncoding = 4; lastKnownFileType = sourcecode.c.objc; path = SwizzlingTest.m; sourceTree = "<group>"; };
		01F021E81F5D4B0300BDB21E /* QYCrashProtector.app */ = {isa = PBXFileReference; explicitFileType = wrapper.application; includeInIndex = 0; path = QYCrashProtector.app; sourceTree = BUILT_PRODUCTS_DIR; };
		01F021EC1F5D4B0300BDB21E /* main.m */ = {isa = PBXFileReference; lastKnownFileType = sourcecode.c.objc; path = main.m; sourceTree = "<group>"; };
		01F021EE1F5D4B0300BDB21E /* AppDelegate.h */ = {isa = PBXFileReference; lastKnownFileType = sourcecode.c.h; path = AppDelegate.h; sourceTree = "<group>"; };
		01F021EF1F5D4B0300BDB21E /* AppDelegate.m */ = {isa = PBXFileReference; lastKnownFileType = sourcecode.c.objc; path = AppDelegate.m; sourceTree = "<group>"; };
		01F021F71F5D4B0300BDB21E /* Assets.xcassets */ = {isa = PBXFileReference; lastKnownFileType = folder.assetcatalog; path = Assets.xcassets; sourceTree = "<group>"; };
		01F021FA1F5D4B0300BDB21E /* Base */ = {isa = PBXFileReference; lastKnownFileType = file.storyboard; name = Base; path = Base.lproj/LaunchScreen.storyboard; sourceTree = "<group>"; };
		01F021FC1F5D4B0300BDB21E /* Info.plist */ = {isa = PBXFileReference; lastKnownFileType = text.plist.xml; path = Info.plist; sourceTree = "<group>"; };
		01F022031F5D4F3B00BDB21E /* NSObject+CrashProtector.h */ = {isa = PBXFileReference; fileEncoding = 4; lastKnownFileType = sourcecode.c.h; path = "NSObject+CrashProtector.h"; sourceTree = "<group>"; };
		01F022041F5D4F3B00BDB21E /* NSObject+CrashProtector.m */ = {isa = PBXFileReference; fileEncoding = 4; lastKnownFileType = sourcecode.c.objc; path = "NSObject+CrashProtector.m"; sourceTree = "<group>"; };
		01F022061F5D506500BDB21E /* CPManager.h */ = {isa = PBXFileReference; fileEncoding = 4; lastKnownFileType = sourcecode.c.h; path = CPManager.h; sourceTree = "<group>"; };
		01F022071F5D506500BDB21E /* CPManager.m */ = {isa = PBXFileReference; fileEncoding = 4; lastKnownFileType = sourcecode.c.objc; path = CPManager.m; sourceTree = "<group>"; };
		01F022091F5D56D100BDB21E /* CPConfiguration.h */ = {isa = PBXFileReference; fileEncoding = 4; lastKnownFileType = sourcecode.c.h; path = CPConfiguration.h; sourceTree = "<group>"; };
		01F0220A1F5D56D100BDB21E /* CPConfiguration.m */ = {isa = PBXFileReference; fileEncoding = 4; lastKnownFileType = sourcecode.c.objc; path = CPConfiguration.m; sourceTree = "<group>"; };
/* End PBXFileReference section */

/* Begin PBXFrameworksBuildPhase section */
		01F021E51F5D4B0200BDB21E /* Frameworks */ = {
			isa = PBXFrameworksBuildPhase;
			buildActionMask = 2147483647;
			files = (
			);
			runOnlyForDeploymentPostprocessing = 0;
		};
/* End PBXFrameworksBuildPhase section */

/* Begin PBXGroup section */
		01F021DF1F5D4B0200BDB21E = {
			isa = PBXGroup;
			children = (
				01F021EA1F5D4B0300BDB21E /* QYCrashProtector */,
				01F021E91F5D4B0300BDB21E /* Products */,
			);
			sourceTree = "<group>";
		};
		01F021E91F5D4B0300BDB21E /* Products */ = {
			isa = PBXGroup;
			children = (
				01F021E81F5D4B0300BDB21E /* QYCrashProtector.app */,
			);
			name = Products;
			sourceTree = "<group>";
		};
		01F021EA1F5D4B0300BDB21E /* QYCrashProtector */ = {
			isa = PBXGroup;
			children = (
				01F022021F5D4B4100BDB21E /* CrashProtector */,
				01F021EE1F5D4B0300BDB21E /* AppDelegate.h */,
				01F021EF1F5D4B0300BDB21E /* AppDelegate.m */,
				01F021F71F5D4B0300BDB21E /* Assets.xcassets */,
				01F021F91F5D4B0300BDB21E /* LaunchScreen.storyboard */,
				01F021FC1F5D4B0300BDB21E /* Info.plist */,
				01F021EB1F5D4B0300BDB21E /* Supporting Files */,
				01188ACE1F68DC5200FC101E /* Test.h */,
				01188ACF1F68DC5200FC101E /* Test.m */,
				01188AD11F6920C900FC101E /* SwizzlingTest.h */,
				01188AD21F6920C900FC101E /* SwizzlingTest.m */,
			);
			path = QYCrashProtector;
			sourceTree = "<group>";
		};
		01F021EB1F5D4B0300BDB21E /* Supporting Files */ = {
			isa = PBXGroup;
			children = (
				01F021EC1F5D4B0300BDB21E /* main.m */,
			);
			name = "Supporting Files";
			sourceTree = "<group>";
		};
		01F022021F5D4B4100BDB21E /* CrashProtector */ = {
			isa = PBXGroup;
			children = (
				01F022031F5D4F3B00BDB21E /* NSObject+CrashProtector.h */,
				01F022041F5D4F3B00BDB21E /* NSObject+CrashProtector.m */,
				01F022061F5D506500BDB21E /* CPManager.h */,
				01F022071F5D506500BDB21E /* CPManager.m */,
				01F022091F5D56D100BDB21E /* CPConfiguration.h */,
				01F0220A1F5D56D100BDB21E /* CPConfiguration.m */,
			);
			path = CrashProtector;
			sourceTree = "<group>";
		};
/* End PBXGroup section */

/* Begin PBXNativeTarget section */
		01F021E71F5D4B0200BDB21E /* QYCrashProtector */ = {
			isa = PBXNativeTarget;
			buildConfigurationList = 01F021FF1F5D4B0300BDB21E /* Build configuration list for PBXNativeTarget "QYCrashProtector" */;
			buildPhases = (
				01F021E41F5D4B0200BDB21E /* Sources */,
				01F021E51F5D4B0200BDB21E /* Frameworks */,
				01F021E61F5D4B0200BDB21E /* Resources */,
			);
			buildRules = (
			);
			dependencies = (
			);
			name = QYCrashProtector;
			productName = QYCrashProtector;
			productReference = 01F021E81F5D4B0300BDB21E /* QYCrashProtector.app */;
			productType = "com.apple.product-type.application";
		};
/* End PBXNativeTarget section */

/* Begin PBXProject section */
		01F021E01F5D4B0200BDB21E /* Project object */ = {
			isa = PBXProject;
			attributes = {
				LastUpgradeCheck = 0830;
				ORGANIZATIONNAME = qiye;
				TargetAttributes = {
					01F021E71F5D4B0200BDB21E = {
						CreatedOnToolsVersion = 8.3.2;
						ProvisioningStyle = Automatic;
					};
				};
			};
			buildConfigurationList = 01F021E31F5D4B0200BDB21E /* Build configuration list for PBXProject "QYCrashProtector" */;
			compatibilityVersion = "Xcode 3.2";
			developmentRegion = English;
			hasScannedForEncodings = 0;
			knownRegions = (
				en,
				Base,
			);
			mainGroup = 01F021DF1F5D4B0200BDB21E;
			productRefGroup = 01F021E91F5D4B0300BDB21E /* Products */;
			projectDirPath = "";
			projectRoot = "";
			targets = (
				01F021E71F5D4B0200BDB21E /* QYCrashProtector */,
			);
		};
/* End PBXProject section */

/* Begin PBXResourcesBuildPhase section */
		01F021E61F5D4B0200BDB21E /* Resources */ = {
			isa = PBXResourcesBuildPhase;
			buildActionMask = 2147483647;
			files = (
				01F021FB1F5D4B0300BDB21E /* LaunchScreen.storyboard in Resources */,
				01F021F81F5D4B0300BDB21E /* Assets.xcassets in Resources */,
			);
			runOnlyForDeploymentPostprocessing = 0;
		};
/* End PBXResourcesBuildPhase section */

/* Begin PBXSourcesBuildPhase section */
		01F021E41F5D4B0200BDB21E /* Sources */ = {
			isa = PBXSourcesBuildPhase;
			buildActionMask = 2147483647;
			files = (
				01F021F01F5D4B0300BDB21E /* AppDelegate.m in Sources */,
				01F022081F5D506500BDB21E /* CPManager.m in Sources */,
				01F0220B1F5D56D100BDB21E /* CPConfiguration.m in Sources */,
				01188AD01F68DC5200FC101E /* Test.m in Sources */,
				01F022051F5D4F3B00BDB21E /* NSObject+CrashProtector.m in Sources */,
				01F021ED1F5D4B0300BDB21E /* main.m in Sources */,
				01188AD31F6920C900FC101E /* SwizzlingTest.m in Sources */,
			);
			runOnlyForDeploymentPostprocessing = 0;
		};
/* End PBXSourcesBuildPhase section */

/* Begin PBXVariantGroup section */
		01F021F91F5D4B0300BDB21E /* LaunchScreen.storyboard */ = {
			isa = PBXVariantGroup;
			children = (
				01F021FA1F5D4B0300BDB21E /* Base */,
			);
			name = LaunchScreen.storyboard;
			sourceTree = "<group>";
		};
/* End PBXVariantGroup section */

/* Begin XCBuildConfiguration section */
		01F021FD1F5D4B0300BDB21E /* Debug */ = {
			isa = XCBuildConfiguration;
			buildSettings = {
				ALWAYS_SEARCH_USER_PATHS = NO;
				CLANG_ANALYZER_NONNULL = YES;
				CLANG_ANALYZER_NUMBER_OBJECT_CONVERSION = YES_AGGRESSIVE;
				CLANG_CXX_LANGUAGE_STANDARD = "gnu++0x";
				CLANG_CXX_LIBRARY = "libc++";
				CLANG_ENABLE_MODULES = YES;
				CLANG_ENABLE_OBJC_ARC = YES;
				CLANG_WARN_BOOL_CONVERSION = YES;
				CLANG_WARN_CONSTANT_CONVERSION = YES;
				CLANG_WARN_DIRECT_OBJC_ISA_USAGE = YES_ERROR;
				CLANG_WARN_DOCUMENTATION_COMMENTS = YES;
				CLANG_WARN_EMPTY_BODY = YES;
				CLANG_WARN_ENUM_CONVERSION = YES;
				CLANG_WARN_INFINITE_RECURSION = YES;
				CLANG_WARN_INT_CONVERSION = YES;
				CLANG_WARN_OBJC_ROOT_CLASS = YES_ERROR;
				CLANG_WARN_SUSPICIOUS_MOVE = YES;
				CLANG_WARN_UNREACHABLE_CODE = YES;
				CLANG_WARN__DUPLICATE_METHOD_MATCH = YES;
				"CODE_SIGN_IDENTITY[sdk=iphoneos*]" = "iPhone Developer";
				COPY_PHASE_STRIP = NO;
				DEBUG_INFORMATION_FORMAT = dwarf;
				ENABLE_STRICT_OBJC_MSGSEND = YES;
				ENABLE_TESTABILITY = YES;
				GCC_C_LANGUAGE_STANDARD = gnu99;
				GCC_DYNAMIC_NO_PIC = NO;
				GCC_NO_COMMON_BLOCKS = YES;
				GCC_OPTIMIZATION_LEVEL = 0;
				GCC_PREPROCESSOR_DEFINITIONS = (
					"DEBUG=1",
					"$(inherited)",
				);
				GCC_WARN_64_TO_32_BIT_CONVERSION = YES;
				GCC_WARN_ABOUT_RETURN_TYPE = YES_ERROR;
				GCC_WARN_UNDECLARED_SELECTOR = YES;
				GCC_WARN_UNINITIALIZED_AUTOS = YES_AGGRESSIVE;
				GCC_WARN_UNUSED_FUNCTION = YES;
				GCC_WARN_UNUSED_VARIABLE = YES;
				IPHONEOS_DEPLOYMENT_TARGET = 10.3;
				MTL_ENABLE_DEBUG_INFO = YES;
				ONLY_ACTIVE_ARCH = YES;
				SDKROOT = iphoneos;
			};
			name = Debug;
		};
		01F021FE1F5D4B0300BDB21E /* Release */ = {
			isa = XCBuildConfiguration;
			buildSettings = {
				ALWAYS_SEARCH_USER_PATHS = NO;
				CLANG_ANALYZER_NONNULL = YES;
				CLANG_ANALYZER_NUMBER_OBJECT_CONVERSION = YES_AGGRESSIVE;
				CLANG_CXX_LANGUAGE_STANDARD = "gnu++0x";
				CLANG_CXX_LIBRARY = "libc++";
				CLANG_ENABLE_MODULES = YES;
				CLANG_ENABLE_OBJC_ARC = YES;
				CLANG_WARN_BOOL_CONVERSION = YES;
				CLANG_WARN_CONSTANT_CONVERSION = YES;
				CLANG_WARN_DIRECT_OBJC_ISA_USAGE = YES_ERROR;
				CLANG_WARN_DOCUMENTATION_COMMENTS = YES;
				CLANG_WARN_EMPTY_BODY = YES;
				CLANG_WARN_ENUM_CONVERSION = YES;
				CLANG_WARN_INFINITE_RECURSION = YES;
				CLANG_WARN_INT_CONVERSION = YES;
				CLANG_WARN_OBJC_ROOT_CLASS = YES_ERROR;
				CLANG_WARN_SUSPICIOUS_MOVE = YES;
				CLANG_WARN_UNREACHABLE_CODE = YES;
				CLANG_WARN__DUPLICATE_METHOD_MATCH = YES;
				"CODE_SIGN_IDENTITY[sdk=iphoneos*]" = "iPhone Developer";
				COPY_PHASE_STRIP = NO;
				DEBUG_INFORMATION_FORMAT = "dwarf-with-dsym";
				ENABLE_NS_ASSERTIONS = NO;
				ENABLE_STRICT_OBJC_MSGSEND = YES;
				GCC_C_LANGUAGE_STANDARD = gnu99;
				GCC_NO_COMMON_BLOCKS = YES;
				GCC_WARN_64_TO_32_BIT_CONVERSION = YES;
				GCC_WARN_ABOUT_RETURN_TYPE = YES_ERROR;
				GCC_WARN_UNDECLARED_SELECTOR = YES;
				GCC_WARN_UNINITIALIZED_AUTOS = YES_AGGRESSIVE;
				GCC_WARN_UNUSED_FUNCTION = YES;
				GCC_WARN_UNUSED_VARIABLE = YES;
				IPHONEOS_DEPLOYMENT_TARGET = 10.3;
				MTL_ENABLE_DEBUG_INFO = NO;
				SDKROOT = iphoneos;
				VALIDATE_PRODUCT = YES;
			};
			name = Release;
		};
		01F022001F5D4B0300BDB21E /* Debug */ = {
			isa = XCBuildConfiguration;
			buildSettings = {
				ASSETCATALOG_COMPILER_APPICON_NAME = AppIcon;
				INFOPLIST_FILE = QYCrashProtector/Info.plist;
				LD_RUNPATH_SEARCH_PATHS = "$(inherited) @executable_path/Frameworks";
				PRODUCT_BUNDLE_IDENTIFIER = com.qiye.QYCrashProtector;
				PRODUCT_NAME = "$(TARGET_NAME)";
			};
			name = Debug;
		};
		01F022011F5D4B0300BDB21E /* Release */ = {
			isa = XCBuildConfiguration;
			buildSettings = {
				ASSETCATALOG_COMPILER_APPICON_NAME = AppIcon;
				INFOPLIST_FILE = QYCrashProtector/Info.plist;
				LD_RUNPATH_SEARCH_PATHS = "$(inherited) @executable_path/Frameworks";
				PRODUCT_BUNDLE_IDENTIFIER = com.qiye.QYCrashProtector;
				PRODUCT_NAME = "$(TARGET_NAME)";
			};
			name = Release;
		};
/* End XCBuildConfiguration section */

/* Begin XCConfigurationList section */
		01F021E31F5D4B0200BDB21E /* Build configuration list for PBXProject "QYCrashProtector" */ = {
			isa = XCConfigurationList;
			buildConfigurations = (
				01F021FD1F5D4B0300BDB21E /* Debug */,
				01F021FE1F5D4B0300BDB21E /* Release */,
			);
			defaultConfigurationIsVisible = 0;
			defaultConfigurationName = Release;
		};
		01F021FF1F5D4B0300BDB21E /* Build configuration list for PBXNativeTarget "QYCrashProtector" */ = {
			isa = XCConfigurationList;
			buildConfigurations = (
				01F022001F5D4B0300BDB21E /* Debug */,
				01F022011F5D4B0300BDB21E /* Release */,
			);
			defaultConfigurationIsVisible = 0;
			defaultConfigurationName = Release;
		};
/* End XCConfigurationList section */
	};
	rootObject = 01F021E01F5D4B0200BDB21E /* Project object */;
}
